// !$*UTF8*$!
{
	archiveVersion = 1;
	classes = {
	};
	objectVersion = 50;
	objects = {

/* Begin PBXBuildFile section */
		BFD15C3820C99EDD006EBB46 /* AppDelegate.swift in Sources */ = {isa = PBXBuildFile; fileRef = BFD15C3720C99EDD006EBB46 /* AppDelegate.swift */; };
		BFD15C3A20C99EDD006EBB46 /* ViewController.swift in Sources */ = {isa = PBXBuildFile; fileRef = BFD15C3920C99EDD006EBB46 /* ViewController.swift */; };
		BFD15C3D20C99EDD006EBB46 /* Main.storyboard in Resources */ = {isa = PBXBuildFile; fileRef = BFD15C3B20C99EDD006EBB46 /* Main.storyboard */; };
		BFD15C3F20C99EE0006EBB46 /* Assets.xcassets in Resources */ = {isa = PBXBuildFile; fileRef = BFD15C3E20C99EE0006EBB46 /* Assets.xcassets */; };
		BFD15C4220C99EE0006EBB46 /* LaunchScreen.storyboard in Resources */ = {isa = PBXBuildFile; fileRef = BFD15C4020C99EE0006EBB46 /* LaunchScreen.storyboard */; };
/* End PBXBuildFile section */

/* Begin PBXFileReference section */
		BFD15C3420C99EDD006EBB46 /* secretCalculator.app */ = {isa = PBXFileReference; explicitFileType = wrapper.application; includeInIndex = 0; path = secretCalculator.app; sourceTree = BUILT_PRODUCTS_DIR; };
		BFD15C3720C99EDD006EBB46 /* AppDelegate.swift */ = {isa = PBXFileReference; lastKnownFileType = sourcecode.swift; path = AppDelegate.swift; sourceTree = "<group>"; };
		BFD15C3920C99EDD006EBB46 /* ViewController.swift */ = {isa = PBXFileReference; lastKnownFileType = sourcecode.swift; path = ViewController.swift; sourceTree = "<group>"; };
		BFD15C3C20C99EDD006EBB46 /* Base */ = {isa = PBXFileReference; lastKnownFileType = file.storyboard; name = Base; path = Base.lproj/Main.storyboard; sourceTree = "<group>"; };
		BFD15C3E20C99EE0006EBB46 /* Assets.xcassets */ = {isa = PBXFileReference; lastKnownFileType = folder.assetcatalog; path = Assets.xcassets; sourceTree = "<group>"; };
		BFD15C4120C99EE0006EBB46 /* Base */ = {isa = PBXFileReference; lastKnownFileType = file.storyboard; name = Base; path = Base.lproj/LaunchScreen.storyboard; sourceTree = "<group>"; };
		BFD15C4320C99EE0006EBB46 /* Info.plist */ = {isa = PBXFileReference; lastKnownFileType = text.plist.xml; path = Info.plist; sourceTree = "<group>"; };
/* End PBXFileReference section */

/* Begin PBXFrameworksBuildPhase section */
		BFD15C3120C99EDD006EBB46 /* Frameworks */ = {
			isa = PBXFrameworksBuildPhase;
			buildActionMask = 2147483647;
			files = (
			);
			runOnlyForDeploymentPostprocessing = 0;
		};
/* End PBXFrameworksBuildPhase section */

/* Begin PBXGroup section */
		BFD15C2B20C99EDD006EBB46 = {
			isa = PBXGroup;
			children = (
				BFD15C3620C99EDD006EBB46 /* secretCalculator */,
				BFD15C3520C99EDD006EBB46 /* Products */,
			);
			sourceTree = "<group>";
		};
		BFD15C3520C99EDD006EBB46 /* Products */ = {
			isa = PBXGroup;
			children = (
				BFD15C3420C99EDD006EBB46 /* secretCalculator.app */,
			);
			name = Products;
			sourceTree = "<group>";
		};
		BFD15C3620C99EDD006EBB46 /* secretCalculator */ = {
			isa = PBXGroup;
			children = (
				BFD15C3720C99EDD006EBB46 /* AppDelegate.swift */,
				BFD15C3920C99EDD006EBB46 /* ViewController.swift */,
				BFD15C3B20C99EDD006EBB46 /* Main.storyboard */,
				BFD15C3E20C99EE0006EBB46 /* Assets.xcassets */,
				BFD15C4020C99EE0006EBB46 /* LaunchScreen.storyboard */,
				BFD15C4320C99EE0006EBB46 /* Info.plist */,
			);
			path = secretCalculator;
			sourceTree = "<group>";
		};
/* End PBXGroup section */

/* Begin PBXNativeTarget section */
		BFD15C3320C99EDD006EBB46 /* secretCalculator */ = {
			isa = PBXNativeTarget;
			buildConfigurationList = BFD15C4620C99EE0006EBB46 /* Build configuration list for PBXNativeTarget "secretCalculator" */;
			buildPhases = (
				BFD15C3020C99EDD006EBB46 /* Sources */,
				BFD15C3120C99EDD006EBB46 /* Frameworks */,
				BFD15C3220C99EDD006EBB46 /* Resources */,
			);
			buildRules = (
			);
			dependencies = (
			);
			name = secretCalculator;
			productName = secretCalculator;
			productReference = BFD15C3420C99EDD006EBB46 /* secretCalculator.app */;
			productType = "com.apple.product-type.application";
		};
/* End PBXNativeTarget section */

/* Begin PBXProject section */
		BFD15C2C20C99EDD006EBB46 /* Project object */ = {
			isa = PBXProject;
			attributes = {
				LastSwiftUpdateCheck = 0940;
				LastUpgradeCheck = 0940;
				ORGANIZATIONNAME = "Spencer Cawley";
				TargetAttributes = {
					BFD15C3320C99EDD006EBB46 = {
						CreatedOnToolsVersion = 9.4;
					};
				};
			};
			buildConfigurationList = BFD15C2F20C99EDD006EBB46 /* Build configuration list for PBXProject "secretCalculator" */;
			compatibilityVersion = "Xcode 9.3";
			developmentRegion = en;
			hasScannedForEncodings = 0;
			knownRegions = (
				en,
				Base,
			);
			mainGroup = BFD15C2B20C99EDD006EBB46;
			productRefGroup = BFD15C3520C99EDD006EBB46 /* Products */;
			projectDirPath = "";
			projectRoot = "";
			targets = (
				BFD15C3320C99EDD006EBB46 /* secretCalculator */,
			);
		};
/* End PBXProject section */

/* Begin PBXResourcesBuildPhase section */
		BFD15C3220C99EDD006EBB46 /* Resources */ = {
			isa = PBXResourcesBuildPhase;
			buildActionMask = 2147483647;
			files = (
				BFD15C4220C99EE0006EBB46 /* LaunchScreen.storyboard in Resources */,
				BFD15C3F20C99EE0006EBB46 /* Assets.xcassets in Resources */,
				BFD15C3D20C99EDD006EBB46 /* Main.storyboard in Resources */,
			);
			runOnlyForDeploymentPostprocessing = 0;
		};
/* End PBXResourcesBuildPhase section */

/* Begin PBXSourcesBuildPhase section */
		BFD15C3020C99EDD006EBB46 /* Sources */ = {
			isa = PBXSourcesBuildPhase;
			buildActionMask = 2147483647;
			files = (
				BFD15C3A20C99EDD006EBB46 /* ViewController.swift in Sources */,
				BFD15C3820C99EDD006EBB46 /* AppDelegate.swift in Sources */,
			);
			runOnlyForDeploymentPostprocessing = 0;
		};
/* End PBXSourcesBuildPhase section */

/* Begin PBXVariantGroup section */
		BFD15C3B20C99EDD006EBB46 /* Main.storyboard */ = {
			isa = PBXVariantGroup;
			children = (
				BFD15C3C20C99EDD006EBB46 /* Base */,
			);
			name = Main.storyboard;
			sourceTree = "<group>";
		};
		BFD15C4020C99EE0006EBB46 /* LaunchScreen.storyboard */ = {
			isa = PBXVariantGroup;
			children = (
				BFD15C4120C99EE0006EBB46 /* Base */,
			);
			name = LaunchScreen.storyboard;
			sourceTree = "<group>";
		};
/* End PBXVariantGroup section */

/* Begin XCBuildConfiguration section */
		BFD15C4420C99EE0006EBB46 /* Debug */ = {
			isa = XCBuildConfiguration;
			buildSettings = {
				ALWAYS_SEARCH_USER_PATHS = NO;
				CLANG_ANALYZER_NONNULL = YES;
				CLANG_ANALYZER_NUMBER_OBJECT_CONVERSION = YES_AGGRESSIVE;
				CLANG_CXX_LANGUAGE_STANDARD = "gnu++14";
				CLANG_CXX_LIBRARY = "libc++";
				CLANG_ENABLE_MODULES = YES;
				CLANG_ENABLE_OBJC_ARC = YES;
				CLANG_ENABLE_OBJC_WEAK = YES;
				CLANG_WARN_BLOCK_CAPTURE_AUTORELEASING = YES;
				CLANG_WARN_BOOL_CONVERSION = YES;
				CLANG_WARN_COMMA = YES;
				CLANG_WARN_CONSTANT_CONVERSION = YES;
				CLANG_WARN_DEPRECATED_OBJC_IMPLEMENTATIONS = YES;
				CLANG_WARN_DIRECT_OBJC_ISA_USAGE = YES_ERROR;
				CLANG_WARN_DOCUMENTATION_COMMENTS = YES;
				CLANG_WARN_EMPTY_BODY = YES;
				CLANG_WARN_ENUM_CONVERSION = YES;
				CLANG_WARN_INFINITE_RECURSION = YES;
				CLANG_WARN_INT_CONVERSION = YES;
				CLANG_WARN_NON_LITERAL_NULL_CONVERSION = YES;
				CLANG_WARN_OBJC_IMPLICIT_RETAIN_SELF = YES;
				CLANG_WARN_OBJC_LITERAL_CONVERSION = YES;
				CLANG_WARN_OBJC_ROOT_CLASS = YES_ERROR;
				CLANG_WARN_RANGE_LOOP_ANALYSIS = YES;
				CLANG_WARN_STRICT_PROTOTYPES = YES;
				CLANG_WARN_SUSPICIOUS_MOVE = YES;
				CLANG_WARN_UNGUARDED_AVAILABILITY = YES_AGGRESSIVE;
				CLANG_WARN_UNREACHABLE_CODE = YES;
				CLANG_WARN__DUPLICATE_METHOD_MATCH = YES;
				CODE_SIGN_IDENTITY = "iPhone Developer";
				COPY_PHASE_STRIP = NO;
				DEBUG_INFORMATION_FORMAT = dwarf;
				ENABLE_STRICT_OBJC_MSGSEND = YES;
				ENABLE_TESTABILITY = YES;
				GCC_C_LANGUAGE_STANDARD = gnu11;
				GCC_DYNAMIC_NO_PIC = NO;
				GCC_NO_COMMON_BLOCKS = YES;
				GCC_OPTIMIZATION_LEVEL = 0;
				GCC_PREPROCESSOR_DEFINITIONS = (
					"DEBUG=1",
					"$(inherited)",
				);
				GCC_WARN_64_TO_32_BIT_CONVERSION = YES;
				GCC_WARN_ABOUT_RETURN_TYPE = YES_ERROR;
				GCC_WARN_UNDECLARED_SELECTOR = YES;
				GCC_WARN_UNINITIALIZED_AUTOS = YES_AGGRESSIVE;
				GCC_WARN_UNUSED_FUNCTION = YES;
				GCC_WARN_UNUSED_VARIABLE = YES;
				IPHONEOS_DEPLOYMENT_TARGET = 11.4;
				MTL_ENABLE_DEBUG_INFO = YES;
				ONLY_ACTIVE_ARCH = YES;
				SDKROOT = iphoneos;
				SWIFT_ACTIVE_COMPILATION_CONDITIONS = DEBUG;
				SWIFT_OPTIMIZATION_LEVEL = "-Onone";
			};
			name = Debug;
		};
		BFD15C4520C99EE0006EBB46 /* Release */ = {
			isa = XCBuildConfiguration;
			buildSettings = {
				ALWAYS_SEARCH_USER_PATHS = NO;
				CLANG_ANALYZER_NONNULL = YES;
				CLANG_ANALYZER_NUMBER_OBJECT_CONVERSION = YES_AGGRESSIVE;
				CLANG_CXX_LANGUAGE_STANDARD = "gnu++14";
				CLANG_CXX_LIBRARY = "libc++";
				CLANG_ENABLE_MODULES = YES;
				CLANG_ENABLE_OBJC_ARC = YES;
				CLANG_ENABLE_OBJC_WEAK = YES;
				CLANG_WARN_BLOCK_CAPTURE_AUTORELEASING = YES;
				CLANG_WARN_BOOL_CONVERSION = YES;
				CLANG_WARN_COMMA = YES;
				CLANG_WARN_CONSTANT_CONVERSION = YES;
				CLANG_WARN_DEPRECATED_OBJC_IMPLEMENTATIONS = YES;
				CLANG_WARN_DIRECT_OBJC_ISA_USAGE = YES_ERROR;
				CLANG_WARN_DOCUMENTATION_COMMENTS = YES;
				CLANG_WARN_EMPTY_BODY = YES;
				CLANG_WARN_ENUM_CONVERSION = YES;
				CLANG_WARN_INFINITE_RECURSION = YES;
				CLANG_WARN_INT_CONVERSION = YES;
				CLANG_WARN_NON_LITERAL_NULL_CONVERSION = YES;
				CLANG_WARN_OBJC_IMPLICIT_RETAIN_SELF = YES;
				CLANG_WARN_OBJC_LITERAL_CONVERSION = YES;
				CLANG_WARN_OBJC_ROOT_CLASS = YES_ERROR;
				CLANG_WARN_RANGE_LOOP_ANALYSIS = YES;
				CLANG_WARN_STRICT_PROTOTYPES = YES;
				CLANG_WARN_SUSPICIOUS_MOVE = YES;
				CLANG_WARN_UNGUARDED_AVAILABILITY = YES_AGGRESSIVE;
				CLANG_WARN_UNREACHABLE_CODE = YES;
				CLANG_WARN__DUPLICATE_METHOD_MATCH = YES;
				CODE_SIGN_IDENTITY = "iPhone Developer";
				COPY_PHASE_STRIP = NO;
				DEBUG_INFORMATION_FORMAT = "dwarf-with-dsym";
				ENABLE_NS_ASSERTIONS = NO;
				ENABLE_STRICT_OBJC_MSGSEND = YES;
				GCC_C_LANGUAGE_STANDARD = gnu11;
				GCC_NO_COMMON_BLOCKS = YES;
				GCC_WARN_64_TO_32_BIT_CONVERSION = YES;
				GCC_WARN_ABOUT_RETURN_TYPE = YES_ERROR;
				GCC_WARN_UNDECLARED_SELECTOR = YES;
				GCC_WARN_UNINITIALIZED_AUTOS = YES_AGGRESSIVE;
				GCC_WARN_UNUSED_FUNCTION = YES;
				GCC_WARN_UNUSED_VARIABLE = YES;
				IPHONEOS_DEPLOYMENT_TARGET = 11.4;
				MTL_ENABLE_DEBUG_INFO = NO;
				SDKROOT = iphoneos;
				SWIFT_COMPILATION_MODE = wholemodule;
				SWIFT_OPTIMIZATION_LEVEL = "-O";
				VALIDATE_PRODUCT = YES;
			};
			name = Release;
		};
		BFD15C4720C99EE0006EBB46 /* Debug */ = {
			isa = XCBuildConfiguration;
			buildSettings = {
				ASSETCATALOG_COMPILER_APPICON_NAME = AppIcon;
				CODE_SIGN_STYLE = Automatic;
				DEVELOPMENT_TEAM = 3G2V54975X;
				INFOPLIST_FILE = secretCalculator/Info.plist;
				LD_RUNPATH_SEARCH_PATHS = (
					"$(inherited)",
					"@executable_path/Frameworks",
				);
				PRODUCT_BUNDLE_IDENTIFIER = Spencer.secretCalculator;
				PRODUCT_NAME = "$(TARGET_NAME)";
				SWIFT_VERSION = 4.0;
				TARGETED_DEVICE_FAMILY = "1,2";
			};
			name = Debug;
		};
		BFD15C4820C99EE0006EBB46 /* Release */ = {
			isa = XCBuildConfiguration;
			buildSettings = {
				ASSETCATALOG_COMPILER_APPICON_NAME = AppIcon;
				CODE_SIGN_STYLE = Automatic;
				DEVELOPMENT_TEAM = 3G2V54975X;
				INFOPLIST_FILE = secretCalculator/Info.plist;
				LD_RUNPATH_SEARCH_PATHS = (
					"$(inherited)",
					"@executable_path/Frameworks",
				);
				PRODUCT_BUNDLE_IDENTIFIER = Spencer.secretCalculator;
				PRODUCT_NAME = "$(TARGET_NAME)";
				SWIFT_VERSION = 4.0;
				TARGETED_DEVICE_FAMILY = "1,2";
			};
			name = Release;
		};
/* End XCBuildConfiguration section */

/* Begin XCConfigurationList section */
		BFD15C2F20C99EDD006EBB46 /* Build configuration list for PBXProject "secretCalculator" */ = {
			isa = XCConfigurationList;
			buildConfigurations = (
				BFD15C4420C99EE0006EBB46 /* Debug */,
				BFD15C4520C99EE0006EBB46 /* Release */,
			);
			defaultConfigurationIsVisible = 0;
			defaultConfigurationName = Release;
		};
		BFD15C4620C99EE0006EBB46 /* Build configuration list for PBXNativeTarget "secretCalculator" */ = {
			isa = XCConfigurationList;
			buildConfigurations = (
				BFD15C4720C99EE0006EBB46 /* Debug */,
				BFD15C4820C99EE0006EBB46 /* Release */,
			);
			defaultConfigurationIsVisible = 0;
			defaultConfigurationName = Release;
		};
/* End XCConfigurationList section */
	};
	rootObject = BFD15C2C20C99EDD006EBB46 /* Project object */;
}
